// !$*UTF8*$!
{
	archiveVersion = 1;
	classes = {
	};
	objectVersion = 50;
	objects = {

/* Begin PBXBuildFile section */
		578F758C23F50CB10089E984 /* AppDelegate.swift in Sources */ = {isa = PBXBuildFile; fileRef = 578F758B23F50CB10089E984 /* AppDelegate.swift */; };
		578F758E23F50CB10089E984 /* SceneDelegate.swift in Sources */ = {isa = PBXBuildFile; fileRef = 578F758D23F50CB10089E984 /* SceneDelegate.swift */; };
		578F759023F50CB10089E984 /* ViewController.swift in Sources */ = {isa = PBXBuildFile; fileRef = 578F758F23F50CB10089E984 /* ViewController.swift */; };
		578F759323F50CB10089E984 /* Main.storyboard in Resources */ = {isa = PBXBuildFile; fileRef = 578F759123F50CB10089E984 /* Main.storyboard */; };
		578F759523F50CB50089E984 /* Assets.xcassets in Resources */ = {isa = PBXBuildFile; fileRef = 578F759423F50CB50089E984 /* Assets.xcassets */; };
		578F759823F50CB50089E984 /* LaunchScreen.storyboard in Resources */ = {isa = PBXBuildFile; fileRef = 578F759623F50CB50089E984 /* LaunchScreen.storyboard */; };
		578F75A323F50CB50089E984 /* ChatRoomTests.swift in Sources */ = {isa = PBXBuildFile; fileRef = 578F75A223F50CB50089E984 /* ChatRoomTests.swift */; };
		578F75AE23F50CB50089E984 /* ChatRoomUITests.swift in Sources */ = {isa = PBXBuildFile; fileRef = 578F75AD23F50CB50089E984 /* ChatRoomUITests.swift */; };
/* End PBXBuildFile section */

/* Begin PBXContainerItemProxy section */
		578F759F23F50CB50089E984 /* PBXContainerItemProxy */ = {
			isa = PBXContainerItemProxy;
			containerPortal = 578F758023F50CB10089E984 /* Project object */;
			proxyType = 1;
			remoteGlobalIDString = 578F758723F50CB10089E984;
			remoteInfo = ChatRoom;
		};
		578F75AA23F50CB50089E984 /* PBXContainerItemProxy */ = {
			isa = PBXContainerItemProxy;
			containerPortal = 578F758023F50CB10089E984 /* Project object */;
			proxyType = 1;
			remoteGlobalIDString = 578F758723F50CB10089E984;
			remoteInfo = ChatRoom;
		};
/* End PBXContainerItemProxy section */

/* Begin PBXFileReference section */
		578F758823F50CB10089E984 /* ChatRoom.app */ = {isa = PBXFileReference; explicitFileType = wrapper.application; includeInIndex = 0; path = ChatRoom.app; sourceTree = BUILT_PRODUCTS_DIR; };
		578F758B23F50CB10089E984 /* AppDelegate.swift */ = {isa = PBXFileReference; lastKnownFileType = sourcecode.swift; path = AppDelegate.swift; sourceTree = "<group>"; };
		578F758D23F50CB10089E984 /* SceneDelegate.swift */ = {isa = PBXFileReference; lastKnownFileType = sourcecode.swift; path = SceneDelegate.swift; sourceTree = "<group>"; };
		578F758F23F50CB10089E984 /* ViewController.swift */ = {isa = PBXFileReference; lastKnownFileType = sourcecode.swift; path = ViewController.swift; sourceTree = "<group>"; };
		578F759223F50CB10089E984 /* Base */ = {isa = PBXFileReference; lastKnownFileType = file.storyboard; name = Base; path = Base.lproj/Main.storyboard; sourceTree = "<group>"; };
		578F759423F50CB50089E984 /* Assets.xcassets */ = {isa = PBXFileReference; lastKnownFileType = folder.assetcatalog; path = Assets.xcassets; sourceTree = "<group>"; };
		578F759723F50CB50089E984 /* Base */ = {isa = PBXFileReference; lastKnownFileType = file.storyboard; name = Base; path = Base.lproj/LaunchScreen.storyboard; sourceTree = "<group>"; };
		578F759923F50CB50089E984 /* Info.plist */ = {isa = PBXFileReference; lastKnownFileType = text.plist.xml; path = Info.plist; sourceTree = "<group>"; };
		578F759E23F50CB50089E984 /* ChatRoomTests.xctest */ = {isa = PBXFileReference; explicitFileType = wrapper.cfbundle; includeInIndex = 0; path = ChatRoomTests.xctest; sourceTree = BUILT_PRODUCTS_DIR; };
		578F75A223F50CB50089E984 /* ChatRoomTests.swift */ = {isa = PBXFileReference; lastKnownFileType = sourcecode.swift; path = ChatRoomTests.swift; sourceTree = "<group>"; };
		578F75A423F50CB50089E984 /* Info.plist */ = {isa = PBXFileReference; lastKnownFileType = text.plist.xml; path = Info.plist; sourceTree = "<group>"; };
		578F75A923F50CB50089E984 /* ChatRoomUITests.xctest */ = {isa = PBXFileReference; explicitFileType = wrapper.cfbundle; includeInIndex = 0; path = ChatRoomUITests.xctest; sourceTree = BUILT_PRODUCTS_DIR; };
		578F75AD23F50CB50089E984 /* ChatRoomUITests.swift */ = {isa = PBXFileReference; lastKnownFileType = sourcecode.swift; path = ChatRoomUITests.swift; sourceTree = "<group>"; };
		578F75AF23F50CB50089E984 /* Info.plist */ = {isa = PBXFileReference; lastKnownFileType = text.plist.xml; path = Info.plist; sourceTree = "<group>"; };
/* End PBXFileReference section */

/* Begin PBXFrameworksBuildPhase section */
		578F758523F50CB10089E984 /* Frameworks */ = {
			isa = PBXFrameworksBuildPhase;
			buildActionMask = 2147483647;
			files = (
			);
			runOnlyForDeploymentPostprocessing = 0;
		};
		578F759B23F50CB50089E984 /* Frameworks */ = {
			isa = PBXFrameworksBuildPhase;
			buildActionMask = 2147483647;
			files = (
			);
			runOnlyForDeploymentPostprocessing = 0;
		};
		578F75A623F50CB50089E984 /* Frameworks */ = {
			isa = PBXFrameworksBuildPhase;
			buildActionMask = 2147483647;
			files = (
			);
			runOnlyForDeploymentPostprocessing = 0;
		};
/* End PBXFrameworksBuildPhase section */

/* Begin PBXGroup section */
		578F757F23F50CB10089E984 = {
			isa = PBXGroup;
			children = (
				578F758A23F50CB10089E984 /* ChatRoom */,
				578F75A123F50CB50089E984 /* ChatRoomTests */,
				578F75AC23F50CB50089E984 /* ChatRoomUITests */,
				578F758923F50CB10089E984 /* Products */,
			);
			sourceTree = "<group>";
		};
		578F758923F50CB10089E984 /* Products */ = {
			isa = PBXGroup;
			children = (
				578F758823F50CB10089E984 /* ChatRoom.app */,
				578F759E23F50CB50089E984 /* ChatRoomTests.xctest */,
				578F75A923F50CB50089E984 /* ChatRoomUITests.xctest */,
			);
			name = Products;
			sourceTree = "<group>";
		};
		578F758A23F50CB10089E984 /* ChatRoom */ = {
			isa = PBXGroup;
			children = (
				578F758B23F50CB10089E984 /* AppDelegate.swift */,
				578F758D23F50CB10089E984 /* SceneDelegate.swift */,
				578F758F23F50CB10089E984 /* ViewController.swift */,
				578F759123F50CB10089E984 /* Main.storyboard */,
				578F759423F50CB50089E984 /* Assets.xcassets */,
				578F759623F50CB50089E984 /* LaunchScreen.storyboard */,
				578F759923F50CB50089E984 /* Info.plist */,
			);
			path = ChatRoom;
			sourceTree = "<group>";
		};
		578F75A123F50CB50089E984 /* ChatRoomTests */ = {
			isa = PBXGroup;
			children = (
				578F75A223F50CB50089E984 /* ChatRoomTests.swift */,
				578F75A423F50CB50089E984 /* Info.plist */,
			);
			path = ChatRoomTests;
			sourceTree = "<group>";
		};
		578F75AC23F50CB50089E984 /* ChatRoomUITests */ = {
			isa = PBXGroup;
			children = (
				578F75AD23F50CB50089E984 /* ChatRoomUITests.swift */,
				578F75AF23F50CB50089E984 /* Info.plist */,
			);
			path = ChatRoomUITests;
			sourceTree = "<group>";
		};
/* End PBXGroup section */

/* Begin PBXNativeTarget section */
		578F758723F50CB10089E984 /* ChatRoom */ = {
			isa = PBXNativeTarget;
			buildConfigurationList = 578F75B223F50CB50089E984 /* Build configuration list for PBXNativeTarget "ChatRoom" */;
			buildPhases = (
				578F758423F50CB10089E984 /* Sources */,
				578F758523F50CB10089E984 /* Frameworks */,
				578F758623F50CB10089E984 /* Resources */,
			);
			buildRules = (
			);
			dependencies = (
			);
			name = ChatRoom;
			productName = ChatRoom;
			productReference = 578F758823F50CB10089E984 /* ChatRoom.app */;
			productType = "com.apple.product-type.application";
		};
		578F759D23F50CB50089E984 /* ChatRoomTests */ = {
			isa = PBXNativeTarget;
			buildConfigurationList = 578F75B523F50CB50089E984 /* Build configuration list for PBXNativeTarget "ChatRoomTests" */;
			buildPhases = (
				578F759A23F50CB50089E984 /* Sources */,
				578F759B23F50CB50089E984 /* Frameworks */,
				578F759C23F50CB50089E984 /* Resources */,
			);
			buildRules = (
			);
			dependencies = (
				578F75A023F50CB50089E984 /* PBXTargetDependency */,
			);
			name = ChatRoomTests;
			productName = ChatRoomTests;
			productReference = 578F759E23F50CB50089E984 /* ChatRoomTests.xctest */;
			productType = "com.apple.product-type.bundle.unit-test";
		};
		578F75A823F50CB50089E984 /* ChatRoomUITests */ = {
			isa = PBXNativeTarget;
			buildConfigurationList = 578F75B823F50CB50089E984 /* Build configuration list for PBXNativeTarget "ChatRoomUITests" */;
			buildPhases = (
				578F75A523F50CB50089E984 /* Sources */,
				578F75A623F50CB50089E984 /* Frameworks */,
				578F75A723F50CB50089E984 /* Resources */,
			);
			buildRules = (
			);
			dependencies = (
				578F75AB23F50CB50089E984 /* PBXTargetDependency */,
			);
			name = ChatRoomUITests;
			productName = ChatRoomUITests;
			productReference = 578F75A923F50CB50089E984 /* ChatRoomUITests.xctest */;
			productType = "com.apple.product-type.bundle.ui-testing";
		};
/* End PBXNativeTarget section */

/* Begin PBXProject section */
		578F758023F50CB10089E984 /* Project object */ = {
			isa = PBXProject;
			attributes = {
				LastSwiftUpdateCheck = 1130;
				LastUpgradeCheck = 1130;
				ORGANIZATIONNAME = typedef;
				TargetAttributes = {
					578F758723F50CB10089E984 = {
						CreatedOnToolsVersion = 11.3.1;
					};
					578F759D23F50CB50089E984 = {
						CreatedOnToolsVersion = 11.3.1;
						TestTargetID = 578F758723F50CB10089E984;
					};
					578F75A823F50CB50089E984 = {
						CreatedOnToolsVersion = 11.3.1;
						TestTargetID = 578F758723F50CB10089E984;
					};
				};
			};
			buildConfigurationList = 578F758323F50CB10089E984 /* Build configuration list for PBXProject "ChatRoom" */;
			compatibilityVersion = "Xcode 9.3";
			developmentRegion = en;
			hasScannedForEncodings = 0;
			knownRegions = (
				en,
				Base,
			);
			mainGroup = 578F757F23F50CB10089E984;
			productRefGroup = 578F758923F50CB10089E984 /* Products */;
			projectDirPath = "";
			projectRoot = "";
			targets = (
				578F758723F50CB10089E984 /* ChatRoom */,
				578F759D23F50CB50089E984 /* ChatRoomTests */,
				578F75A823F50CB50089E984 /* ChatRoomUITests */,
			);
		};
/* End PBXProject section */

/* Begin PBXResourcesBuildPhase section */
		578F758623F50CB10089E984 /* Resources */ = {
			isa = PBXResourcesBuildPhase;
			buildActionMask = 2147483647;
			files = (
				578F759823F50CB50089E984 /* LaunchScreen.storyboard in Resources */,
				578F759523F50CB50089E984 /* Assets.xcassets in Resources */,
				578F759323F50CB10089E984 /* Main.storyboard in Resources */,
			);
			runOnlyForDeploymentPostprocessing = 0;
		};
		578F759C23F50CB50089E984 /* Resources */ = {
			isa = PBXResourcesBuildPhase;
			buildActionMask = 2147483647;
			files = (
			);
			runOnlyForDeploymentPostprocessing = 0;
		};
		578F75A723F50CB50089E984 /* Resources */ = {
			isa = PBXResourcesBuildPhase;
			buildActionMask = 2147483647;
			files = (
			);
			runOnlyForDeploymentPostprocessing = 0;
		};
/* End PBXResourcesBuildPhase section */

/* Begin PBXSourcesBuildPhase section */
		578F758423F50CB10089E984 /* Sources */ = {
			isa = PBXSourcesBuildPhase;
			buildActionMask = 2147483647;
			files = (
				578F759023F50CB10089E984 /* ViewController.swift in Sources */,
				578F758C23F50CB10089E984 /* AppDelegate.swift in Sources */,
				578F758E23F50CB10089E984 /* SceneDelegate.swift in Sources */,
			);
			runOnlyForDeploymentPostprocessing = 0;
		};
		578F759A23F50CB50089E984 /* Sources */ = {
			isa = PBXSourcesBuildPhase;
			buildActionMask = 2147483647;
			files = (
				578F75A323F50CB50089E984 /* ChatRoomTests.swift in Sources */,
			);
			runOnlyForDeploymentPostprocessing = 0;
		};
		578F75A523F50CB50089E984 /* Sources */ = {
			isa = PBXSourcesBuildPhase;
			buildActionMask = 2147483647;
			files = (
				578F75AE23F50CB50089E984 /* ChatRoomUITests.swift in Sources */,
			);
			runOnlyForDeploymentPostprocessing = 0;
		};
/* End PBXSourcesBuildPhase section */

/* Begin PBXTargetDependency section */
		578F75A023F50CB50089E984 /* PBXTargetDependency */ = {
			isa = PBXTargetDependency;
			target = 578F758723F50CB10089E984 /* ChatRoom */;
			targetProxy = 578F759F23F50CB50089E984 /* PBXContainerItemProxy */;
		};
		578F75AB23F50CB50089E984 /* PBXTargetDependency */ = {
			isa = PBXTargetDependency;
			target = 578F758723F50CB10089E984 /* ChatRoom */;
			targetProxy = 578F75AA23F50CB50089E984 /* PBXContainerItemProxy */;
		};
/* End PBXTargetDependency section */

/* Begin PBXVariantGroup section */
		578F759123F50CB10089E984 /* Main.storyboard */ = {
			isa = PBXVariantGroup;
			children = (
				578F759223F50CB10089E984 /* Base */,
			);
			name = Main.storyboard;
			sourceTree = "<group>";
		};
		578F759623F50CB50089E984 /* LaunchScreen.storyboard */ = {
			isa = PBXVariantGroup;
			children = (
				578F759723F50CB50089E984 /* Base */,
			);
			name = LaunchScreen.storyboard;
			sourceTree = "<group>";
		};
/* End PBXVariantGroup section */

/* Begin XCBuildConfiguration section */
		578F75B023F50CB50089E984 /* Debug */ = {
			isa = XCBuildConfiguration;
			buildSettings = {
				ALWAYS_SEARCH_USER_PATHS = NO;
				CLANG_ANALYZER_NONNULL = YES;
				CLANG_ANALYZER_NUMBER_OBJECT_CONVERSION = YES_AGGRESSIVE;
				CLANG_CXX_LANGUAGE_STANDARD = "gnu++14";
				CLANG_CXX_LIBRARY = "libc++";
				CLANG_ENABLE_MODULES = YES;
				CLANG_ENABLE_OBJC_ARC = YES;
				CLANG_ENABLE_OBJC_WEAK = YES;
				CLANG_WARN_BLOCK_CAPTURE_AUTORELEASING = YES;
				CLANG_WARN_BOOL_CONVERSION = YES;
				CLANG_WARN_COMMA = YES;
				CLANG_WARN_CONSTANT_CONVERSION = YES;
				CLANG_WARN_DEPRECATED_OBJC_IMPLEMENTATIONS = YES;
				CLANG_WARN_DIRECT_OBJC_ISA_USAGE = YES_ERROR;
				CLANG_WARN_DOCUMENTATION_COMMENTS = YES;
				CLANG_WARN_EMPTY_BODY = YES;
				CLANG_WARN_ENUM_CONVERSION = YES;
				CLANG_WARN_INFINITE_RECURSION = YES;
				CLANG_WARN_INT_CONVERSION = YES;
				CLANG_WARN_NON_LITERAL_NULL_CONVERSION = YES;
				CLANG_WARN_OBJC_IMPLICIT_RETAIN_SELF = YES;
				CLANG_WARN_OBJC_LITERAL_CONVERSION = YES;
				CLANG_WARN_OBJC_ROOT_CLASS = YES_ERROR;
				CLANG_WARN_RANGE_LOOP_ANALYSIS = YES;
				CLANG_WARN_STRICT_PROTOTYPES = YES;
				CLANG_WARN_SUSPICIOUS_MOVE = YES;
				CLANG_WARN_UNGUARDED_AVAILABILITY = YES_AGGRESSIVE;
				CLANG_WARN_UNREACHABLE_CODE = YES;
				CLANG_WARN__DUPLICATE_METHOD_MATCH = YES;
				COPY_PHASE_STRIP = NO;
				DEBUG_INFORMATION_FORMAT = dwarf;
				ENABLE_STRICT_OBJC_MSGSEND = YES;
				ENABLE_TESTABILITY = YES;
				GCC_C_LANGUAGE_STANDARD = gnu11;
				GCC_DYNAMIC_NO_PIC = NO;
				GCC_NO_COMMON_BLOCKS = YES;
				GCC_OPTIMIZATION_LEVEL = 0;
				GCC_PREPROCESSOR_DEFINITIONS = (
					"DEBUG=1",
					"$(inherited)",
				);
				GCC_WARN_64_TO_32_BIT_CONVERSION = YES;
				GCC_WARN_ABOUT_RETURN_TYPE = YES_ERROR;
				GCC_WARN_UNDECLARED_SELECTOR = YES;
				GCC_WARN_UNINITIALIZED_AUTOS = YES_AGGRESSIVE;
				GCC_WARN_UNUSED_FUNCTION = YES;
				GCC_WARN_UNUSED_VARIABLE = YES;
				IPHONEOS_DEPLOYMENT_TARGET = 13.2;
				MTL_ENABLE_DEBUG_INFO = INCLUDE_SOURCE;
				MTL_FAST_MATH = YES;
				ONLY_ACTIVE_ARCH = YES;
				SDKROOT = iphoneos;
				SWIFT_ACTIVE_COMPILATION_CONDITIONS = DEBUG;
				SWIFT_OPTIMIZATION_LEVEL = "-Onone";
			};
			name = Debug;
		};
		578F75B123F50CB50089E984 /* Release */ = {
			isa = XCBuildConfiguration;
			buildSettings = {
				ALWAYS_SEARCH_USER_PATHS = NO;
				CLANG_ANALYZER_NONNULL = YES;
				CLANG_ANALYZER_NUMBER_OBJECT_CONVERSION = YES_AGGRESSIVE;
				CLANG_CXX_LANGUAGE_STANDARD = "gnu++14";
				CLANG_CXX_LIBRARY = "libc++";
				CLANG_ENABLE_MODULES = YES;
				CLANG_ENABLE_OBJC_ARC = YES;
				CLANG_ENABLE_OBJC_WEAK = YES;
				CLANG_WARN_BLOCK_CAPTURE_AUTORELEASING = YES;
				CLANG_WARN_BOOL_CONVERSION = YES;
				CLANG_WARN_COMMA = YES;
				CLANG_WARN_CONSTANT_CONVERSION = YES;
				CLANG_WARN_DEPRECATED_OBJC_IMPLEMENTATIONS = YES;
				CLANG_WARN_DIRECT_OBJC_ISA_USAGE = YES_ERROR;
				CLANG_WARN_DOCUMENTATION_COMMENTS = YES;
				CLANG_WARN_EMPTY_BODY = YES;
				CLANG_WARN_ENUM_CONVERSION = YES;
				CLANG_WARN_INFINITE_RECURSION = YES;
				CLANG_WARN_INT_CONVERSION = YES;
				CLANG_WARN_NON_LITERAL_NULL_CONVERSION = YES;
				CLANG_WARN_OBJC_IMPLICIT_RETAIN_SELF = YES;
				CLANG_WARN_OBJC_LITERAL_CONVERSION = YES;
				CLANG_WARN_OBJC_ROOT_CLASS = YES_ERROR;
				CLANG_WARN_RANGE_LOOP_ANALYSIS = YES;
				CLANG_WARN_STRICT_PROTOTYPES = YES;
				CLANG_WARN_SUSPICIOUS_MOVE = YES;
				CLANG_WARN_UNGUARDED_AVAILABILITY = YES_AGGRESSIVE;
				CLANG_WARN_UNREACHABLE_CODE = YES;
				CLANG_WARN__DUPLICATE_METHOD_MATCH = YES;
				COPY_PHASE_STRIP = NO;
				DEBUG_INFORMATION_FORMAT = "dwarf-with-dsym";
				ENABLE_NS_ASSERTIONS = NO;
				ENABLE_STRICT_OBJC_MSGSEND = YES;
				GCC_C_LANGUAGE_STANDARD = gnu11;
				GCC_NO_COMMON_BLOCKS = YES;
				GCC_WARN_64_TO_32_BIT_CONVERSION = YES;
				GCC_WARN_ABOUT_RETURN_TYPE = YES_ERROR;
				GCC_WARN_UNDECLARED_SELECTOR = YES;
				GCC_WARN_UNINITIALIZED_AUTOS = YES_AGGRESSIVE;
				GCC_WARN_UNUSED_FUNCTION = YES;
				GCC_WARN_UNUSED_VARIABLE = YES;
				IPHONEOS_DEPLOYMENT_TARGET = 13.2;
				MTL_ENABLE_DEBUG_INFO = NO;
				MTL_FAST_MATH = YES;
				SDKROOT = iphoneos;
				SWIFT_COMPILATION_MODE = wholemodule;
				SWIFT_OPTIMIZATION_LEVEL = "-O";
				VALIDATE_PRODUCT = YES;
			};
			name = Release;
		};
		578F75B323F50CB50089E984 /* Debug */ = {
			isa = XCBuildConfiguration;
			buildSettings = {
				ASSETCATALOG_COMPILER_APPICON_NAME = AppIcon;
				CODE_SIGN_STYLE = Automatic;
				DEVELOPMENT_TEAM = MK3HDK5JK5;
				INFOPLIST_FILE = ChatRoom/Info.plist;
				LD_RUNPATH_SEARCH_PATHS = (
					"$(inherited)",
					"@executable_path/Frameworks",
				);
				PRODUCT_BUNDLE_IDENTIFIER = do.do.do.ChatRoom;
				PRODUCT_NAME = "$(TARGET_NAME)";
				SWIFT_VERSION = 5.0;
				TARGETED_DEVICE_FAMILY = "1,2";
			};
			name = Debug;
		};
		578F75B423F50CB50089E984 /* Release */ = {
			isa = XCBuildConfiguration;
			buildSettings = {
				ASSETCATALOG_COMPILER_APPICON_NAME = AppIcon;
				CODE_SIGN_STYLE = Automatic;
				DEVELOPMENT_TEAM = MK3HDK5JK5;
				INFOPLIST_FILE = ChatRoom/Info.plist;
				LD_RUNPATH_SEARCH_PATHS = (
					"$(inherited)",
					"@executable_path/Frameworks",
				);
				PRODUCT_BUNDLE_IDENTIFIER = do.do.do.ChatRoom;
				PRODUCT_NAME = "$(TARGET_NAME)";
				SWIFT_VERSION = 5.0;
				TARGETED_DEVICE_FAMILY = "1,2";
			};
			name = Release;
		};
		578F75B623F50CB50089E984 /* Debug */ = {
			isa = XCBuildConfiguration;
			buildSettings = {
				ALWAYS_EMBED_SWIFT_STANDARD_LIBRARIES = YES;
				BUNDLE_LOADER = "$(TEST_HOST)";
				CODE_SIGN_STYLE = Automatic;
				DEVELOPMENT_TEAM = MK3HDK5JK5;
				INFOPLIST_FILE = ChatRoomTests/Info.plist;
				IPHONEOS_DEPLOYMENT_TARGET = 13.2;
				LD_RUNPATH_SEARCH_PATHS = (
					"$(inherited)",
					"@executable_path/Frameworks",
					"@loader_path/Frameworks",
				);
				PRODUCT_BUNDLE_IDENTIFIER = do.do.do.ChatRoomTests;
				PRODUCT_NAME = "$(TARGET_NAME)";
				SWIFT_VERSION = 5.0;
				TARGETED_DEVICE_FAMILY = "1,2";
				TEST_HOST = "$(BUILT_PRODUCTS_DIR)/ChatRoom.app/ChatRoom";
			};
			name = Debug;
		};
		578F75B723F50CB50089E984 /* Release */ = {
			isa = XCBuildConfiguration;
			buildSettings = {
				ALWAYS_EMBED_SWIFT_STANDARD_LIBRARIES = YES;
				BUNDLE_LOADER = "$(TEST_HOST)";
				CODE_SIGN_STYLE = Automatic;
				DEVELOPMENT_TEAM = MK3HDK5JK5;
				INFOPLIST_FILE = ChatRoomTests/Info.plist;
				IPHONEOS_DEPLOYMENT_TARGET = 13.2;
				LD_RUNPATH_SEARCH_PATHS = (
					"$(inherited)",
					"@executable_path/Frameworks",
					"@loader_path/Frameworks",
				);
				PRODUCT_BUNDLE_IDENTIFIER = do.do.do.ChatRoomTests;
				PRODUCT_NAME = "$(TARGET_NAME)";
				SWIFT_VERSION = 5.0;
				TARGETED_DEVICE_FAMILY = "1,2";
				TEST_HOST = "$(BUILT_PRODUCTS_DIR)/ChatRoom.app/ChatRoom";
			};
			name = Release;
		};
		578F75B923F50CB50089E984 /* Debug */ = {
			isa = XCBuildConfiguration;
			buildSettings = {
				ALWAYS_EMBED_SWIFT_STANDARD_LIBRARIES = YES;
				CODE_SIGN_STYLE = Automatic;
				DEVELOPMENT_TEAM = MK3HDK5JK5;
				INFOPLIST_FILE = ChatRoomUITests/Info.plist;
				LD_RUNPATH_SEARCH_PATHS = (
					"$(inherited)",
					"@executable_path/Frameworks",
					"@loader_path/Frameworks",
				);
				PRODUCT_BUNDLE_IDENTIFIER = do.do.do.ChatRoomUITests;
				PRODUCT_NAME = "$(TARGET_NAME)";
				SWIFT_VERSION = 5.0;
				TARGETED_DEVICE_FAMILY = "1,2";
				TEST_TARGET_NAME = ChatRoom;
			};
			name = Debug;
		};
		578F75BA23F50CB50089E984 /* Release */ = {
			isa = XCBuildConfiguration;
			buildSettings = {
				ALWAYS_EMBED_SWIFT_STANDARD_LIBRARIES = YES;
				CODE_SIGN_STYLE = Automatic;
				DEVELOPMENT_TEAM = MK3HDK5JK5;
				INFOPLIST_FILE = ChatRoomUITests/Info.plist;
				LD_RUNPATH_SEARCH_PATHS = (
					"$(inherited)",
					"@executable_path/Frameworks",
					"@loader_path/Frameworks",
				);
				PRODUCT_BUNDLE_IDENTIFIER = do.do.do.ChatRoomUITests;
				PRODUCT_NAME = "$(TARGET_NAME)";
				SWIFT_VERSION = 5.0;
				TARGETED_DEVICE_FAMILY = "1,2";
				TEST_TARGET_NAME = ChatRoom;
			};
			name = Release;
		};
/* End XCBuildConfiguration section */

/* Begin XCConfigurationList section */
		578F758323F50CB10089E984 /* Build configuration list for PBXProject "ChatRoom" */ = {
			isa = XCConfigurationList;
			buildConfigurations = (
				578F75B023F50CB50089E984 /* Debug */,
				578F75B123F50CB50089E984 /* Release */,
			);
			defaultConfigurationIsVisible = 0;
			defaultConfigurationName = Release;
		};
		578F75B223F50CB50089E984 /* Build configuration list for PBXNativeTarget "ChatRoom" */ = {
			isa = XCConfigurationList;
			buildConfigurations = (
				578F75B323F50CB50089E984 /* Debug */,
				578F75B423F50CB50089E984 /* Release */,
			);
			defaultConfigurationIsVisible = 0;
			defaultConfigurationName = Release;
		};
		578F75B523F50CB50089E984 /* Build configuration list for PBXNativeTarget "ChatRoomTests" */ = {
			isa = XCConfigurationList;
			buildConfigurations = (
				578F75B623F50CB50089E984 /* Debug */,
				578F75B723F50CB50089E984 /* Release */,
			);
			defaultConfigurationIsVisible = 0;
			defaultConfigurationName = Release;
		};
		578F75B823F50CB50089E984 /* Build configuration list for PBXNativeTarget "ChatRoomUITests" */ = {
			isa = XCConfigurationList;
			buildConfigurations = (
				578F75B923F50CB50089E984 /* Debug */,
				578F75BA23F50CB50089E984 /* Release */,
			);
			defaultConfigurationIsVisible = 0;
			defaultConfigurationName = Release;
		};
/* End XCConfigurationList section */
	};
	rootObject = 578F758023F50CB10089E984 /* Project object */;
}
